<?xml version="1.0" encoding="utf-8"?>
<Project ToolsVersion="4.0" xmlns="http://schemas.microsoft.com/developer/msbuild/2003">
  <ItemGroup>
    <Filter Include="Source Files">
      <UniqueIdentifier>{4FC737F1-C7A5-4376-A066-2A32D752A2FF}</UniqueIdentifier>
      <Extensions>cpp;c;cc;cxx;def;odl;idl;hpj;bat;asm;asmx</Extensions>
    </Filter>
    <Filter Include="Header Files">
      <UniqueIdentifier>{93995380-89BD-4b04-88EB-625FBE52EBFB}</UniqueIdentifier>
      <Extensions>h;hh;hpp;hxx;hm;inl;inc;ipp;xsd</Extensions>
    </Filter>
    <Filter Include="Resource Files">
      <UniqueIdentifier>{67DA6AB6-F800-4c08-8B7A-83BB121AAD01}</UniqueIdentifier>
      <Extensions>rc;ico;cur;bmp;dlg;rc2;rct;bin;rgs;gif;jpg;jpeg;jpe;resx;tiff;tif;png;wav;mfcribbon-ms</Extensions>
    </Filter>
  </ItemGroup>
  <ItemGroup>
    <ClInclude Include="stdafx.h">
      <Filter>Header Files</Filter>
    </ClInclude>
    <ClInclude Include="targetver.h">
      <Filter>Header Files</Filter>
    </ClInclude>
    <ClInclude Include="base64.h">
      <Filter>Header Files</Filter>
    </ClInclude>
    <ClInclude Include="elevate.h">
      <Filter>Header Files</Filter>
    </ClInclude>
    <ClInclude Include="filedropper.h">
      <Filter>Header Files</Filter>
    </ClInclude>
    <ClInclude Include="launchprocess.h">
      <Filter>Header Files</Filter>
    </ClInclude>
    <ClInclude Include="namedpipe.h">
      <Filter>Header Files</Filter>
    </ClInclude>
    <ClInclude Include="payloads.h">
      <Filter>Header Files</Filter>
    </ClInclude>
    <ClInclude Include="service.h">
      <Filter>Header Files</Filter>
    </ClInclude>
    <ClInclude Include="testfunctions.h">
      <Filter>Header Files</Filter>
    </ClInclude>
    <ClInclude Include="tokenmgt.h">
      <Filter>Header Files</Filter>
    </ClInclude>
    <ClInclude Include="utils.h">
      <Filter>Header Files</Filter>
    </ClInclude>
  </ItemGroup>
  <ItemGroup>
    <ClCompile Include="GetSystem.c">
      <Filter>Source Files</Filter>
    </ClCompile>
    <ClCompile Include="stdafx.c">
      <Filter>Source Files</Filter>
    </ClCompile>
    <ClCompile Include="base64.c">
      <Filter>Source Files</Filter>
    </ClCompile>
    <ClCompile Include="elevate.c">
      <Filter>Source Files</Filter>
    </ClCompile>
    <ClCompile Include="filedropper.c">
      <Filter>Source Files</Filter>
    </ClCompile>
    <ClCompile Include="launchprocess.c">
      <Filter>Source Files</Filter>
    </ClCompile>
    <ClCompile Include="namedpipe.c">
      <Filter>Source Files</Filter>
    </ClCompile>
    <ClCompile Include="service.c">
      <Filter>Source Files</Filter>
    </ClCompile>
    <ClCompile Include="testfunctions.c">
      <Filter>Source Files</Filter>
    </ClCompile>
    <ClCompile Include="tokenmgt.c">
      <Filter>Source Files</Filter>
    </ClCompile>
    <ClCompile Include="utils.c">
      <Filter>Source Files</Filter>
    </ClCompile>
  </ItemGroup>
</Project>